<?xml version="1.0" encoding="utf-8"?>
<Project ToolsVersion="4.0" xmlns="http://schemas.microsoft.com/developer/msbuild/2003">
  <ItemGroup>
    <Filter Include="Resource Files">
      <UniqueIdentifier>{67DA6AB6-F800-4c08-8B7A-83BB121AAD01}</UniqueIdentifier>
      <Extensions>rc;ico;cur;bmp;dlg;rc2;rct;bin;rgs;gif;jpg;jpeg;jpe;resx;tiff;tif;png;wav;mfcribbon-ms</Extensions>
    </Filter>
    <Filter Include="Shaders">
      <UniqueIdentifier>{8549c144-8b12-46b2-93ae-98b35c0b9647}</UniqueIdentifier>
    </Filter>
    <Filter Include="Graphics">
      <UniqueIdentifier>{053aa5a8-ef72-4068-8e31-f34ce4b9edaa}</UniqueIdentifier>
    </Filter>
    <Filter Include="Graphics\Source Files">
      <UniqueIdentifier>{3cdbfc87-aedf-420f-9193-a11775f2e0b8}</UniqueIdentifier>
    </Filter>
    <Filter Include="Graphics\Header Files">
      <UniqueIdentifier>{7b1c6430-f5d7-44fb-b490-3539eaaf994c}</UniqueIdentifier>
    </Filter>
    <Filter Include="Logic">
      <UniqueIdentifier>{ee67d06d-38a9-4f25-bbce-98a5c3848f8b}</UniqueIdentifier>
    </Filter>
    <Filter Include="Logic\Header Files">
      <UniqueIdentifier>{93995380-89BD-4b04-88EB-625FBE52EBFB}</UniqueIdentifier>
      <Extensions>h;hpp;hxx;hm;inl;inc;xsd</Extensions>
    </Filter>
    <Filter Include="Logic\Source Files">
      <UniqueIdentifier>{4FC737F1-C7A5-4376-A066-2A32D752A2FF}</UniqueIdentifier>
      <Extensions>cpp;c;cc;cxx;def;odl;idl;hpj;bat;asm;asmx</Extensions>
    </Filter>
    <Filter Include="Includes">
      <UniqueIdentifier>{49878c1d-f27e-41b3-9508-3ae604521198}</UniqueIdentifier>
    </Filter>
  </ItemGroup>
  <ItemGroup>
    <ClInclude Include="GameCore.h">
      <Filter>Logic\Header Files</Filter>
    </ClInclude>
    <ClInclude Include="Object3D.h">
      <Filter>Logic\Header Files</Filter>
    </ClInclude>
    <ClInclude Include="Entity.h">
      <Filter>Logic\Header Files</Filter>
    </ClInclude>
    <ClInclude Include="Level.h">
      <Filter>Logic\Header Files</Filter>
    </ClInclude>
    <ClInclude Include="Camera.h">
      <Filter>Graphics\Header Files</Filter>
    </ClInclude>
    <ClInclude Include="VAOModelLoader.h">
      <Filter>Graphics\Header Files</Filter>
    </ClInclude>
    <ClInclude Include="GraphicsCore.h">
      <Filter>Graphics\Header Files</Filter>
    </ClInclude>
    <ClInclude Include="ShaderHandler.h">
      <Filter>Graphics\Header Files</Filter>
    </ClInclude>
    <ClInclude Include="TextureLoader.h">
      <Filter>Graphics\Header Files</Filter>
    </ClInclude>
    <ClInclude Include="CommonIncludes.h">
      <Filter>Includes</Filter>
    </ClInclude>
    <ClInclude Include="Behaviour.h">
      <Filter>Logic\Header Files</Filter>
    </ClInclude>
    <ClInclude Include="Effect.h">
      <Filter>Logic\Header Files</Filter>
    </ClInclude>
    <ClInclude Include="KillGhost.h">
      <Filter>Logic\Header Files</Filter>
    </ClInclude>
    <ClInclude Include="Points.h">
      <Filter>Logic\Header Files</Filter>
    </ClInclude>
    <ClInclude Include="PowerPacman.h">
      <Filter>Logic\Header Files</Filter>
    </ClInclude>
    <ClInclude Include="KillPacman.h">
      <Filter>Logic\Header Files</Filter>
    </ClInclude>
    <ClInclude Include="Hunt.h">
      <Filter>Logic\Header Files</Filter>
    </ClInclude>
    <ClInclude Include="Scared.h">
      <Filter>Logic\Header Files</Filter>
    </ClInclude>
    <ClInclude Include="LogicGraphicsBridge.h">
      <Filter>Includes</Filter>
    </ClInclude>
    <ClInclude Include="BaseStructures.h">
      <Filter>Graphics\Source Files</Filter>
    </ClInclude>
    <ClInclude Include="Candy.h">
      <Filter>Logic\Header Files</Filter>
    </ClInclude>
    <ClInclude Include="Ghost.h">
      <Filter>Logic\Header Files</Filter>
    </ClInclude>
    <ClInclude Include="Pacman.h">
      <Filter>Logic\Header Files</Filter>
    </ClInclude>
  </ItemGroup>
  <ItemGroup>
    <ClCompile Include="Object3D.cpp">
      <Filter>Logic\Source Files</Filter>
    </ClCompile>
    <ClCompile Include="Entity.cpp">
      <Filter>Logic\Source Files</Filter>
    </ClCompile>
    <ClCompile Include="GameCore.cpp">
      <Filter>Logic\Source Files</Filter>
    </ClCompile>
    <ClCompile Include="Level.cpp">
      <Filter>Logic\Source Files</Filter>
    </ClCompile>
    <ClCompile Include="Camera.cpp">
      <Filter>Graphics\Source Files</Filter>
    </ClCompile>
    <ClCompile Include="VAOModelLoader.cpp">
      <Filter>Graphics\Source Files</Filter>
    </ClCompile>
    <ClCompile Include="GraphicsCore.cpp">
      <Filter>Graphics\Source Files</Filter>
    </ClCompile>
    <ClCompile Include="ShaderHandler.cpp">
      <Filter>Graphics\Source Files</Filter>
    </ClCompile>
    <ClCompile Include="TextureLoader.cpp">
      <Filter>Graphics\Source Files</Filter>
    </ClCompile>
    <ClCompile Include="Effect.cpp">
      <Filter>Logic\Source Files</Filter>
    </ClCompile>
    <ClCompile Include="KillGhost.cpp">
      <Filter>Logic\Source Files</Filter>
    </ClCompile>
    <ClCompile Include="Points.cpp">
      <Filter>Logic\Source Files</Filter>
    </ClCompile>
    <ClCompile Include="PowerPacman.cpp">
      <Filter>Logic\Source Files</Filter>
    </ClCompile>
    <ClCompile Include="KillPacman.cpp">
      <Filter>Logic\Source Files</Filter>
    </ClCompile>
    <ClCompile Include="Hunt.cpp">
      <Filter>Logic\Source Files</Filter>
    </ClCompile>
    <ClCompile Include="Scared.cpp">
      <Filter>Logic\Source Files</Filter>
    </ClCompile>
    <ClCompile Include="LogicGraphicsBridge.cpp">
      <Filter>Includes</Filter>
    </ClCompile>
    <ClCompile Include="Candy.cpp">
      <Filter>Logic\Source Files</Filter>
      <Filter>Logic\Source Files</Filter>
    </ClCompile>
    <ClCompile Include="Ghost.cpp">
      <Filter>Logic\Source Files</Filter>
    </ClCompile>
    <ClCompile Include="Pacman.cpp">
      <Filter>Logic\Source Files</Filter>
    </ClCompile>
    <ClCompile Include="main.cpp" />
  </ItemGroup>
  <ItemGroup>
    <None Include="..\Shaders\shader.vertex">
      <Filter>Shaders</Filter>
    </None>
    <None Include="..\Shaders\billboardShader.fragment">
      <Filter>Shaders</Filter>
    </None>
    <None Include="..\Shaders\billboardShader.geometry">
      <Filter>Shaders</Filter>
    </None>
    <None Include="..\Shaders\billboardShader.vertex">
      <Filter>Shaders</Filter>
    </None>
    <None Include="..\Shaders\shader.fragment">
      <Filter>Shaders</Filter>
    </None>
  </ItemGroup>
</Project>